
Microsoft Visual Studio Solution File, Format Version 12.00
# Visual Studio 14
VisualStudioVersion = 14.0.24720.0
MinimumVisualStudioVersion = 10.0.40219.1
Project("{2150E333-8FDC-42A3-9474-1A3956D46DE8}") = "src", "src", "{54FEBF83-53F8-4447-9E81-E5C3136CFA3D}"
EndProject
Project("{2150E333-8FDC-42A3-9474-1A3956D46DE8}") = "Solution Items", "Solution Items", "{E7D95457-77D8-4468-BA02-37BA333B7ED2}"
	ProjectSection(SolutionItems) = preProject
		global.json = global.json
	EndProjectSection
EndProject
Project("{8BB2217D-0F2D-49D1-97BC-3654ED321F3B}") = "ServerStack", "src\ServerStack\ServerStack.xproj", "{031A9BB4-CC2E-4284-BD79-B355F4DD39F0}"
EndProject
Project("{2150E333-8FDC-42A3-9474-1A3956D46DE8}") = "samples", "samples", "{60F90A10-557C-4A63-AFC5-A8DF156FEDFB}"
EndProject
Project("{8BB2217D-0F2D-49D1-97BC-3654ED321F3B}") = "JsonRPC", "src\JsonRPC\JsonRPC.xproj", "{B27DF9CA-F1FB-441A-9FC2-EF91880E636F}"
EndProject
Project("{8BB2217D-0F2D-49D1-97BC-3654ED321F3B}") = "EchoServerSample", "samples\EchoServerSample\EchoServerSample.xproj", "{D2D2A34D-6F23-4F71-AA5E-4050F6ED503F}"
EndProject
Project("{8BB2217D-0F2D-49D1-97BC-3654ED321F3B}") = "ChatSample", "samples\ChatSample\ChatSample.xproj", "{95BD991A-7697-4227-8E3A-01D71A3AFE78}"
EndProject
Global
	GlobalSection(SolutionConfigurationPlatforms) = preSolution
		Debug|Any CPU = Debug|Any CPU
		Release|Any CPU = Release|Any CPU
	EndGlobalSection
	GlobalSection(ProjectConfigurationPlatforms) = postSolution
		{031A9BB4-CC2E-4284-BD79-B355F4DD39F0}.Debug|Any CPU.ActiveCfg = Debug|Any CPU
		{031A9BB4-CC2E-4284-BD79-B355F4DD39F0}.Debug|Any CPU.Build.0 = Debug|Any CPU
		{031A9BB4-CC2E-4284-BD79-B355F4DD39F0}.Release|Any CPU.ActiveCfg = Release|Any CPU
		{031A9BB4-CC2E-4284-BD79-B355F4DD39F0}.Release|Any CPU.Build.0 = Release|Any CPU
		{B27DF9CA-F1FB-441A-9FC2-EF91880E636F}.Debug|Any CPU.ActiveCfg = Debug|Any CPU
		{B27DF9CA-F1FB-441A-9FC2-EF91880E636F}.Debug|Any CPU.Build.0 = Debug|Any CPU
		{B27DF9CA-F1FB-441A-9FC2-EF91880E636F}.Release|Any CPU.ActiveCfg = Release|Any CPU
		{B27DF9CA-F1FB-441A-9FC2-EF91880E636F}.Release|Any CPU.Build.0 = Release|Any CPU
		{D2D2A34D-6F23-4F71-AA5E-4050F6ED503F}.Debug|Any CPU.ActiveCfg = Debug|Any CPU
		{D2D2A34D-6F23-4F71-AA5E-4050F6ED503F}.Debug|Any CPU.Build.0 = Debug|Any CPU
		{D2D2A34D-6F23-4F71-AA5E-4050F6ED503F}.Release|Any CPU.ActiveCfg = Release|Any CPU
		{D2D2A34D-6F23-4F71-AA5E-4050F6ED503F}.Release|Any CPU.Build.0 = Release|Any CPU
		{95BD991A-7697-4227-8E3A-01D71A3AFE78}.Debug|Any CPU.ActiveCfg = Debug|Any CPU
		{95BD991A-7697-4227-8E3A-01D71A3AFE78}.Debug|Any CPU.Build.0 = Debug|Any CPU
		{95BD991A-7697-4227-8E3A-01D71A3AFE78}.Release|Any CPU.ActiveCfg = Release|Any CPU
		{95BD991A-7697-4227-8E3A-01D71A3AFE78}.Release|Any CPU.Build.0 = Release|Any CPU
	EndGlobalSection
	GlobalSection(SolutionProperties) = preSolution
		HideSolutionNode = FALSE
	EndGlobalSection
	GlobalSection(NestedProjects) = preSolution
		{031A9BB4-CC2E-4284-BD79-B355F4DD39F0} = {54FEBF83-53F8-4447-9E81-E5C3136CFA3D}
		{B27DF9CA-F1FB-441A-9FC2-EF91880E636F} = {54FEBF83-53F8-4447-9E81-E5C3136CFA3D}
		{D2D2A34D-6F23-4F71-AA5E-4050F6ED503F} = {60F90A10-557C-4A63-AFC5-A8DF156FEDFB}
		{95BD991A-7697-4227-8E3A-01D71A3AFE78} = {60F90A10-557C-4A63-AFC5-A8DF156FEDFB}
	EndGlobalSection
EndGlobal
